{
  "version": 1,
  "dependencies": {
    "net6.0-windows7.0": {
      "CommunityToolkit.HighPerformance": {
        "type": "Direct",
        "requested": "[8.1.0, )",
        "resolved": "8.1.0",
        "contentHash": "kgDi65k02hrgnHy3N0xENecsr0spW13RdIA1tipovi9t16gKziI7uZIu3qkxz0GctCHNM4hfeqXYg//6wHJ6Kw=="
      },
      "DiscordRichPresence": {
        "type": "Direct",
        "requested": "[1.2.1.24, )",
        "resolved": "1.2.1.24",
        "contentHash": "DVmmlFQ/oQmidNRmZhPzYjC7ryaT4beWcKaMKPVw6fhOzM/HOoY6NOL4KMOYEnD4M7SNsODjleYimvUNIZcbiA==",
        "dependencies": {
          "Microsoft.Win32.Registry": "4.5.0",
          "Newtonsoft.Json": "13.0.1"
        }
      },
      "MonoGame.Content.Builder.Task": {
        "type": "Direct",
        "requested": "[3.8.1.303, )",
        "resolved": "3.8.1.303",
        "contentHash": "9Ilzzje62LhWElbPNEl7vh7XsRSbze+lvCJdZtTZUGu48FRgvYN6THURwIB9PN98EI33/Wnf6iuShNUtD7hL4Q=="
      },
      "MonoGame.Framework.DesktopGL": {
        "type": "Direct",
        "requested": "[3.8.1.303, )",
        "resolved": "3.8.1.303",
        "contentHash": "eGYhqn0n1olk8MNYeE9EuBmoNNECN1T18rPMaQpkzsEQ0H3nVyFPXC+uCo78v5pi5juQpJ3PSFnSkjzZJ1U58A=="
      },
      "SixLabors.ImageSharp": {
        "type": "Direct",
        "requested": "[3.1.12, )",
        "resolved": "3.1.12",
        "contentHash": "iAg6zifihXEFS/t7fiHhZBGAdCp3FavsF4i2ZIDp0JfeYeDVzvmlbY1CNhhIKimaIzrzSi5M/NBFcWvZT2rB/A=="
      },
      "SixLabors.ImageSharp.Drawing": {
        "type": "Direct",
        "requested": "[2.1.5, )",
        "resolved": "2.1.5",
        "contentHash": "cER1JfvshYDmTxw+gUy/x5e1xoNWhrD6s3AFf8rRUx9hWSXYdOFreQfUrM/QooMj0rF7+hkVtvGnV3EdMx4dxA==",
        "dependencies": {
          "SixLabors.Fonts": "2.0.8",
          "SixLabors.ImageSharp": "3.1.6"
        }
      },
      "Microsoft.NETCore.Platforms": {
        "type": "Transitive",
        "resolved": "2.0.0",
        "contentHash": "VdLJOCXhZaEMY7Hm2GKiULmn7IEPFE4XC5LPSfBVCUIA8YLZVh846gtfBJalsPQF2PlzdD7ecX7DZEulJ402ZQ=="
      },
      "Microsoft.Win32.Registry": {
        "type": "Transitive",
        "resolved": "4.5.0",
        "contentHash": "+FWlwd//+Tt56316p00hVePBCouXyEzT86Jb3+AuRotTND0IYn0OO3obs1gnQEs/txEnt+rF2JBGLItTG+Be6A==",
        "dependencies": {
          "System.Security.AccessControl": "4.5.0",
          "System.Security.Principal.Windows": "4.5.0"
        }
      },
      "Newtonsoft.Json": {
        "type": "Transitive",
        "resolved": "13.0.1",
        "contentHash": "ppPFpBcvxdsfUonNcvITKqLl3bqxWbDCZIzDWHzjpdAHRFfZe0Dw9HmA0+za13IdyrgJwpkDTDA9fHaxOrt20A=="
      },
      "SixLabors.Fonts": {
        "type": "Transitive",
        "resolved": "2.0.8",
        "contentHash": "psTLKJVKaD8PKm+Bz/mSSNo4m0VCTYoJ97TF/ynxEWkn4sFUipI0rzE2V/KBtfU0TOn/gF/+1XBOEvusGZZMhA=="
      },
      "System.Security.AccessControl": {
        "type": "Transitive",
        "resolved": "4.5.0",
        "contentHash": "vW8Eoq0TMyz5vAG/6ce483x/CP83fgm4SJe5P8Tb1tZaobcvPrbMEL7rhH1DRdrYbbb6F0vq3OlzmK0Pkwks5A==",
        "dependencies": {
          "Microsoft.NETCore.Platforms": "2.0.0",
          "System.Security.Principal.Windows": "4.5.0"
        }
      },
      "System.Security.Principal.Windows": {
        "type": "Transitive",
        "resolved": "4.5.0",
        "contentHash": "U77HfRXlZlOeIXd//Yoj6Jnk8AXlbeisf1oq1os+hxOGVnuG+lGSfGqTwTZBoORFF6j/0q7HXIl8cqwQ9aUGqQ==",
        "dependencies": {
          "Microsoft.NETCore.Platforms": "2.0.0"
        }
      }
    }
  }
}